Microsoft Visual Studio Solution File, Format Version 12.00
# Visual Studio 15
VisualStudioVersion = 15.0.26730.10
MinimumVisualStudioVersion = 15.0.26124.0
Project("{2150E333-8FDC-42A3-9474-1A3956D46DE8}") = "src", "src", "{CA927C4C-2F9D-47AA-B48A-C2C1E381A7BA}"
EndProject
Project("{9A19103F-16F7-4668-BE54-9A1E7A4F7556}") = "Halberd", "src\Halberd\Halberd.csproj", "{2AA2625E-A8FE-42A3-B3BC-47B5977A6277}"
EndProject
Project("{2150E333-8FDC-42A3-9474-1A3956D46DE8}") = "tests", "tests", "{FC30B7E4-337B-4F4B-AE68-F32F1FFDBD68}"
EndProject
Project("{9A19103F-16F7-4668-BE54-9A1E7A4F7556}") = "Halberd.Tests", "tests\Halberd.Tests\Halberd.Tests.csproj", "{D93D7698-6F39-48EB-B24B-EBF7DED802D3}"
EndProject
Project("{9A19103F-16F7-4668-BE54-9A1E7A4F7556}") = "Halberd.AspNetCore", "src\Halberd.AspNetCore\Halberd.AspNetCore.csproj", "{8B40AA1A-B8C3-4902-A0A7-453AF310330D}"
EndProject
Project("{2150E333-8FDC-42A3-9474-1A3956D46DE8}") = "example", "example", "{8FD823E8-7B1B-4B38-8AC2-440DAA8B560F}"
EndProject
Project("{9A19103F-16F7-4668-BE54-9A1E7A4F7556}") = "Halberd.Example.AspNetCore", "example\Halberd.Example.AspNetCore\Halberd.Example.AspNetCore.csproj", "{D3D3C01D-6EB7-4E96-8EF1-AD198C9080B7}"
EndProject
Global
	GlobalSection(SolutionConfigurationPlatforms) = preSolution
		Debug|Any CPU = Debug|Any CPU
		Debug|x64 = Debug|x64
		Debug|x86 = Debug|x86
		Release|Any CPU = Release|Any CPU
		Release|x64 = Release|x64
		Release|x86 = Release|x86
	EndGlobalSection
	GlobalSection(ProjectConfigurationPlatforms) = postSolution
		{2AA2625E-A8FE-42A3-B3BC-47B5977A6277}.Debug|Any CPU.ActiveCfg = Debug|Any CPU
		{2AA2625E-A8FE-42A3-B3BC-47B5977A6277}.Debug|Any CPU.Build.0 = Debug|Any CPU
		{2AA2625E-A8FE-42A3-B3BC-47B5977A6277}.Debug|x64.ActiveCfg = Debug|Any CPU
		{2AA2625E-A8FE-42A3-B3BC-47B5977A6277}.Debug|x64.Build.0 = Debug|Any CPU
		{2AA2625E-A8FE-42A3-B3BC-47B5977A6277}.Debug|x86.ActiveCfg = Debug|Any CPU
		{2AA2625E-A8FE-42A3-B3BC-47B5977A6277}.Debug|x86.Build.0 = Debug|Any CPU
		{2AA2625E-A8FE-42A3-B3BC-47B5977A6277}.Release|Any CPU.ActiveCfg = Release|Any CPU
		{2AA2625E-A8FE-42A3-B3BC-47B5977A6277}.Release|Any CPU.Build.0 = Release|Any CPU
		{2AA2625E-A8FE-42A3-B3BC-47B5977A6277}.Release|x64.ActiveCfg = Release|Any CPU
		{2AA2625E-A8FE-42A3-B3BC-47B5977A6277}.Release|x64.Build.0 = Release|Any CPU
		{2AA2625E-A8FE-42A3-B3BC-47B5977A6277}.Release|x86.ActiveCfg = Release|Any CPU
		{2AA2625E-A8FE-42A3-B3BC-47B5977A6277}.Release|x86.Build.0 = Release|Any CPU
		{D93D7698-6F39-48EB-B24B-EBF7DED802D3}.Debug|Any CPU.ActiveCfg = Debug|Any CPU
		{D93D7698-6F39-48EB-B24B-EBF7DED802D3}.Debug|Any CPU.Build.0 = Debug|Any CPU
		{D93D7698-6F39-48EB-B24B-EBF7DED802D3}.Debug|x64.ActiveCfg = Debug|Any CPU
		{D93D7698-6F39-48EB-B24B-EBF7DED802D3}.Debug|x64.Build.0 = Debug|Any CPU
		{D93D7698-6F39-48EB-B24B-EBF7DED802D3}.Debug|x86.ActiveCfg = Debug|Any CPU
		{D93D7698-6F39-48EB-B24B-EBF7DED802D3}.Debug|x86.Build.0 = Debug|Any CPU
		{D93D7698-6F39-48EB-B24B-EBF7DED802D3}.Release|Any CPU.ActiveCfg = Release|Any CPU
		{D93D7698-6F39-48EB-B24B-EBF7DED802D3}.Release|Any CPU.Build.0 = Release|Any CPU
		{D93D7698-6F39-48EB-B24B-EBF7DED802D3}.Release|x64.ActiveCfg = Release|Any CPU
		{D93D7698-6F39-48EB-B24B-EBF7DED802D3}.Release|x64.Build.0 = Release|Any CPU
		{D93D7698-6F39-48EB-B24B-EBF7DED802D3}.Release|x86.ActiveCfg = Release|Any CPU
		{D93D7698-6F39-48EB-B24B-EBF7DED802D3}.Release|x86.Build.0 = Release|Any CPU
		{8B40AA1A-B8C3-4902-A0A7-453AF310330D}.Debug|Any CPU.ActiveCfg = Debug|Any CPU
		{8B40AA1A-B8C3-4902-A0A7-453AF310330D}.Debug|Any CPU.Build.0 = Debug|Any CPU
		{8B40AA1A-B8C3-4902-A0A7-453AF310330D}.Debug|x64.ActiveCfg = Debug|Any CPU
		{8B40AA1A-B8C3-4902-A0A7-453AF310330D}.Debug|x64.Build.0 = Debug|Any CPU
		{8B40AA1A-B8C3-4902-A0A7-453AF310330D}.Debug|x86.ActiveCfg = Debug|Any CPU
		{8B40AA1A-B8C3-4902-A0A7-453AF310330D}.Debug|x86.Build.0 = Debug|Any CPU
		{8B40AA1A-B8C3-4902-A0A7-453AF310330D}.Release|Any CPU.ActiveCfg = Release|Any CPU
		{8B40AA1A-B8C3-4902-A0A7-453AF310330D}.Release|Any CPU.Build.0 = Release|Any CPU
		{8B40AA1A-B8C3-4902-A0A7-453AF310330D}.Release|x64.ActiveCfg = Release|Any CPU
		{8B40AA1A-B8C3-4902-A0A7-453AF310330D}.Release|x64.Build.0 = Release|Any CPU
		{8B40AA1A-B8C3-4902-A0A7-453AF310330D}.Release|x86.ActiveCfg = Release|Any CPU
		{8B40AA1A-B8C3-4902-A0A7-453AF310330D}.Release|x86.Build.0 = Release|Any CPU
		{D3D3C01D-6EB7-4E96-8EF1-AD198C9080B7}.Debug|Any CPU.ActiveCfg = Debug|Any CPU
		{D3D3C01D-6EB7-4E96-8EF1-AD198C9080B7}.Debug|Any CPU.Build.0 = Debug|Any CPU
		{D3D3C01D-6EB7-4E96-8EF1-AD198C9080B7}.Debug|x64.ActiveCfg = Debug|Any CPU
		{D3D3C01D-6EB7-4E96-8EF1-AD198C9080B7}.Debug|x64.Build.0 = Debug|Any CPU
		{D3D3C01D-6EB7-4E96-8EF1-AD198C9080B7}.Debug|x86.ActiveCfg = Debug|Any CPU
		{D3D3C01D-6EB7-4E96-8EF1-AD198C9080B7}.Debug|x86.Build.0 = Debug|Any CPU
		{D3D3C01D-6EB7-4E96-8EF1-AD198C9080B7}.Release|Any CPU.ActiveCfg = Release|Any CPU
		{D3D3C01D-6EB7-4E96-8EF1-AD198C9080B7}.Release|Any CPU.Build.0 = Release|Any CPU
		{D3D3C01D-6EB7-4E96-8EF1-AD198C9080B7}.Release|x64.ActiveCfg = Release|Any CPU
		{D3D3C01D-6EB7-4E96-8EF1-AD198C9080B7}.Release|x64.Build.0 = Release|Any CPU
		{D3D3C01D-6EB7-4E96-8EF1-AD198C9080B7}.Release|x86.ActiveCfg = Release|Any CPU
		{D3D3C01D-6EB7-4E96-8EF1-AD198C9080B7}.Release|x86.Build.0 = Release|Any CPU
	EndGlobalSection
	GlobalSection(SolutionProperties) = preSolution
		HideSolutionNode = FALSE
	EndGlobalSection
	GlobalSection(NestedProjects) = preSolution
		{2AA2625E-A8FE-42A3-B3BC-47B5977A6277} = {CA927C4C-2F9D-47AA-B48A-C2C1E381A7BA}
		{D93D7698-6F39-48EB-B24B-EBF7DED802D3} = {FC30B7E4-337B-4F4B-AE68-F32F1FFDBD68}
		{8B40AA1A-B8C3-4902-A0A7-453AF310330D} = {CA927C4C-2F9D-47AA-B48A-C2C1E381A7BA}
		{D3D3C01D-6EB7-4E96-8EF1-AD198C9080B7} = {8FD823E8-7B1B-4B38-8AC2-440DAA8B560F}
	EndGlobalSection
	GlobalSection(ExtensibilityGlobals) = postSolution
		SolutionGuid = {B9AF9970-9DC3-4554-A467-24E9509DBD0C}
	EndGlobalSection
EndGlobal
